// !$*UTF8*$!
{
	archiveVersion = 1;
	classes = {
	};
	objectVersion = 56;
	objects = {

/* Begin PBXBuildFile section */
		EC967A432A3C0EA900F978CF /* LandmarksApp.swift in Sources */ = {isa = PBXBuildFile; fileRef = EC967A422A3C0EA900F978CF /* LandmarksApp.swift */; };
		EC967A452A3C0EA900F978CF /* ContentView.swift in Sources */ = {isa = PBXBuildFile; fileRef = EC967A442A3C0EA900F978CF /* ContentView.swift */; };
		EC967A472A3C0EAA00F978CF /* Assets.xcassets in Resources */ = {isa = PBXBuildFile; fileRef = EC967A462A3C0EAA00F978CF /* Assets.xcassets */; };
		EC967A4A2A3C0EAA00F978CF /* Preview Assets.xcassets in Resources */ = {isa = PBXBuildFile; fileRef = EC967A492A3C0EAA00F978CF /* Preview Assets.xcassets */; };
		EC967A542A3C0EAB00F978CF /* LandmarksTests.swift in Sources */ = {isa = PBXBuildFile; fileRef = EC967A532A3C0EAB00F978CF /* LandmarksTests.swift */; };
		EC967A5E2A3C0EAB00F978CF /* LandmarksUITests.swift in Sources */ = {isa = PBXBuildFile; fileRef = EC967A5D2A3C0EAB00F978CF /* LandmarksUITests.swift */; };
		EC967A602A3C0EAB00F978CF /* LandmarksUITestsLaunchTests.swift in Sources */ = {isa = PBXBuildFile; fileRef = EC967A5F2A3C0EAB00F978CF /* LandmarksUITestsLaunchTests.swift */; };
		EC967A6D2A3C37A600F978CF /* CircleImage.swift in Sources */ = {isa = PBXBuildFile; fileRef = EC967A6C2A3C37A600F978CF /* CircleImage.swift */; };
		EC967A6F2A3C449F00F978CF /* MapView.swift in Sources */ = {isa = PBXBuildFile; fileRef = EC967A6E2A3C449F00F978CF /* MapView.swift */; };
		EC967A712A416EAB00F978CF /* landmarkData.json in Resources */ = {isa = PBXBuildFile; fileRef = EC967A702A416EAB00F978CF /* landmarkData.json */; };
		EC967A722A416EAB00F978CF /* landmarkData.json in Resources */ = {isa = PBXBuildFile; fileRef = EC967A702A416EAB00F978CF /* landmarkData.json */; };
		EC967A742A416F8500F978CF /* Landmark.swift in Sources */ = {isa = PBXBuildFile; fileRef = EC967A732A416F8500F978CF /* Landmark.swift */; };
		EC967A772A417A5F00F978CF /* ModelData.swift in Sources */ = {isa = PBXBuildFile; fileRef = EC967A762A417A5F00F978CF /* ModelData.swift */; };
		EC967A782A417A5F00F978CF /* ModelData.swift in Sources */ = {isa = PBXBuildFile; fileRef = EC967A762A417A5F00F978CF /* ModelData.swift */; };
		EC967A7B2A417E9800F978CF /* Landmark.swift in Sources */ = {isa = PBXBuildFile; fileRef = EC967A732A416F8500F978CF /* Landmark.swift */; };
		EC967A7F2A4263B100F978CF /* LandmarkRow.swift in Sources */ = {isa = PBXBuildFile; fileRef = EC967A7E2A4263B100F978CF /* LandmarkRow.swift */; };
		EC967A812A4275FB00F978CF /* LandmarkList.swift in Sources */ = {isa = PBXBuildFile; fileRef = EC967A802A4275FB00F978CF /* LandmarkList.swift */; };
/* End PBXBuildFile section */

/* Begin PBXContainerItemProxy section */
		EC967A502A3C0EAB00F978CF /* PBXContainerItemProxy */ = {
			isa = PBXContainerItemProxy;
			containerPortal = EC967A372A3C0EA900F978CF /* Project object */;
			proxyType = 1;
			remoteGlobalIDString = EC967A3E2A3C0EA900F978CF;
			remoteInfo = Landmarks;
		};
		EC967A5A2A3C0EAB00F978CF /* PBXContainerItemProxy */ = {
			isa = PBXContainerItemProxy;
			containerPortal = EC967A372A3C0EA900F978CF /* Project object */;
			proxyType = 1;
			remoteGlobalIDString = EC967A3E2A3C0EA900F978CF;
			remoteInfo = Landmarks;
		};
/* End PBXContainerItemProxy section */

/* Begin PBXFileReference section */
		EC967A3F2A3C0EA900F978CF /* Landmarks.app */ = {isa = PBXFileReference; explicitFileType = wrapper.application; includeInIndex = 0; path = Landmarks.app; sourceTree = BUILT_PRODUCTS_DIR; };
		EC967A422A3C0EA900F978CF /* LandmarksApp.swift */ = {isa = PBXFileReference; lastKnownFileType = sourcecode.swift; path = LandmarksApp.swift; sourceTree = "<group>"; };
		EC967A442A3C0EA900F978CF /* ContentView.swift */ = {isa = PBXFileReference; lastKnownFileType = sourcecode.swift; path = ContentView.swift; sourceTree = "<group>"; };
		EC967A462A3C0EAA00F978CF /* Assets.xcassets */ = {isa = PBXFileReference; lastKnownFileType = folder.assetcatalog; path = Assets.xcassets; sourceTree = "<group>"; };
		EC967A492A3C0EAA00F978CF /* Preview Assets.xcassets */ = {isa = PBXFileReference; lastKnownFileType = folder.assetcatalog; path = "Preview Assets.xcassets"; sourceTree = "<group>"; };
		EC967A4F2A3C0EAB00F978CF /* LandmarksTests.xctest */ = {isa = PBXFileReference; explicitFileType = wrapper.cfbundle; includeInIndex = 0; path = LandmarksTests.xctest; sourceTree = BUILT_PRODUCTS_DIR; };
		EC967A532A3C0EAB00F978CF /* LandmarksTests.swift */ = {isa = PBXFileReference; lastKnownFileType = sourcecode.swift; path = LandmarksTests.swift; sourceTree = "<group>"; };
		EC967A592A3C0EAB00F978CF /* LandmarksUITests.xctest */ = {isa = PBXFileReference; explicitFileType = wrapper.cfbundle; includeInIndex = 0; path = LandmarksUITests.xctest; sourceTree = BUILT_PRODUCTS_DIR; };
		EC967A5D2A3C0EAB00F978CF /* LandmarksUITests.swift */ = {isa = PBXFileReference; lastKnownFileType = sourcecode.swift; path = LandmarksUITests.swift; sourceTree = "<group>"; };
		EC967A5F2A3C0EAB00F978CF /* LandmarksUITestsLaunchTests.swift */ = {isa = PBXFileReference; lastKnownFileType = sourcecode.swift; path = LandmarksUITestsLaunchTests.swift; sourceTree = "<group>"; };
		EC967A6C2A3C37A600F978CF /* CircleImage.swift */ = {isa = PBXFileReference; lastKnownFileType = sourcecode.swift; path = CircleImage.swift; sourceTree = "<group>"; };
		EC967A6E2A3C449F00F978CF /* MapView.swift */ = {isa = PBXFileReference; lastKnownFileType = sourcecode.swift; path = MapView.swift; sourceTree = "<group>"; };
		EC967A702A416EAB00F978CF /* landmarkData.json */ = {isa = PBXFileReference; fileEncoding = 4; lastKnownFileType = text.json; path = landmarkData.json; sourceTree = "<group>"; };
		EC967A732A416F8500F978CF /* Landmark.swift */ = {isa = PBXFileReference; lastKnownFileType = sourcecode.swift; path = Landmark.swift; sourceTree = "<group>"; };
		EC967A762A417A5F00F978CF /* ModelData.swift */ = {isa = PBXFileReference; lastKnownFileType = sourcecode.swift; path = ModelData.swift; sourceTree = "<group>"; };
		EC967A7E2A4263B100F978CF /* LandmarkRow.swift */ = {isa = PBXFileReference; lastKnownFileType = sourcecode.swift; name = LandmarkRow.swift; path = Landmarks/Model/LandmarkRow.swift; sourceTree = SOURCE_ROOT; };
		EC967A802A4275FB00F978CF /* LandmarkList.swift */ = {isa = PBXFileReference; lastKnownFileType = sourcecode.swift; path = LandmarkList.swift; sourceTree = "<group>"; };
/* End PBXFileReference section */

/* Begin PBXFrameworksBuildPhase section */
		EC967A3C2A3C0EA900F978CF /* Frameworks */ = {
			isa = PBXFrameworksBuildPhase;
			buildActionMask = 2147483647;
			files = (
			);
			runOnlyForDeploymentPostprocessing = 0;
		};
		EC967A4C2A3C0EAB00F978CF /* Frameworks */ = {
			isa = PBXFrameworksBuildPhase;
			buildActionMask = 2147483647;
			files = (
			);
			runOnlyForDeploymentPostprocessing = 0;
		};
		EC967A562A3C0EAB00F978CF /* Frameworks */ = {
			isa = PBXFrameworksBuildPhase;
			buildActionMask = 2147483647;
			files = (
			);
			runOnlyForDeploymentPostprocessing = 0;
		};
/* End PBXFrameworksBuildPhase section */

/* Begin PBXGroup section */
		EC967A362A3C0EA900F978CF = {
			isa = PBXGroup;
			children = (
				EC967A412A3C0EA900F978CF /* Landmarks */,
				EC967A522A3C0EAB00F978CF /* LandmarksTests */,
				EC967A5C2A3C0EAB00F978CF /* LandmarksUITests */,
				EC967A402A3C0EA900F978CF /* Products */,
			);
			sourceTree = "<group>";
		};
		EC967A402A3C0EA900F978CF /* Products */ = {
			isa = PBXGroup;
			children = (
				EC967A3F2A3C0EA900F978CF /* Landmarks.app */,
				EC967A4F2A3C0EAB00F978CF /* LandmarksTests.xctest */,
				EC967A592A3C0EAB00F978CF /* LandmarksUITests.xctest */,
			);
			name = Products;
			sourceTree = "<group>";
		};
		EC967A412A3C0EA900F978CF /* Landmarks */ = {
			isa = PBXGroup;
			children = (
				EC967A7D2A417EF500F978CF /* Resources */,
				EC967A422A3C0EA900F978CF /* LandmarksApp.swift */,
				EC967A792A417E4F00F978CF /* VIews */,
				EC967A7A2A417E7300F978CF /* Model */,
				EC967A462A3C0EAA00F978CF /* Assets.xcassets */,
				EC967A482A3C0EAA00F978CF /* Preview Content */,
			);
			path = Landmarks;
			sourceTree = "<group>";
		};
		EC967A482A3C0EAA00F978CF /* Preview Content */ = {
			isa = PBXGroup;
			children = (
				EC967A492A3C0EAA00F978CF /* Preview Assets.xcassets */,
			);
			path = "Preview Content";
			sourceTree = "<group>";
		};
		EC967A522A3C0EAB00F978CF /* LandmarksTests */ = {
			isa = PBXGroup;
			children = (
				EC967A532A3C0EAB00F978CF /* LandmarksTests.swift */,
			);
			path = LandmarksTests;
			sourceTree = "<group>";
		};
		EC967A5C2A3C0EAB00F978CF /* LandmarksUITests */ = {
			isa = PBXGroup;
			children = (
				EC967A5D2A3C0EAB00F978CF /* LandmarksUITests.swift */,
				EC967A5F2A3C0EAB00F978CF /* LandmarksUITestsLaunchTests.swift */,
			);
			path = LandmarksUITests;
			sourceTree = "<group>";
		};
		EC967A792A417E4F00F978CF /* VIews */ = {
			isa = PBXGroup;
			children = (
				EC967A7E2A4263B100F978CF /* LandmarkRow.swift */,
				EC967A802A4275FB00F978CF /* LandmarkList.swift */,
				EC967A6E2A3C449F00F978CF /* MapView.swift */,
				EC967A6C2A3C37A600F978CF /* CircleImage.swift */,
				EC967A442A3C0EA900F978CF /* ContentView.swift */,
			);
			path = VIews;
			sourceTree = "<group>";
		};
		EC967A7A2A417E7300F978CF /* Model */ = {
			isa = PBXGroup;
			children = (
				EC967A732A416F8500F978CF /* Landmark.swift */,
				EC967A762A417A5F00F978CF /* ModelData.swift */,
			);
			path = Model;
			sourceTree = "<group>";
		};
		EC967A7D2A417EF500F978CF /* Resources */ = {
			isa = PBXGroup;
			children = (
				EC967A702A416EAB00F978CF /* landmarkData.json */,
			);
			path = Resources;
			sourceTree = "<group>";
		};
/* End PBXGroup section */

/* Begin PBXNativeTarget section */
		EC967A3E2A3C0EA900F978CF /* Landmarks */ = {
			isa = PBXNativeTarget;
			buildConfigurationList = EC967A632A3C0EAB00F978CF /* Build configuration list for PBXNativeTarget "Landmarks" */;
			buildPhases = (
				EC967A3B2A3C0EA900F978CF /* Sources */,
				EC967A3C2A3C0EA900F978CF /* Frameworks */,
				EC967A3D2A3C0EA900F978CF /* Resources */,
			);
			buildRules = (
			);
			dependencies = (
			);
			name = Landmarks;
			productName = Landmarks;
			productReference = EC967A3F2A3C0EA900F978CF /* Landmarks.app */;
			productType = "com.apple.product-type.application";
		};
		EC967A4E2A3C0EAB00F978CF /* LandmarksTests */ = {
			isa = PBXNativeTarget;
			buildConfigurationList = EC967A662A3C0EAB00F978CF /* Build configuration list for PBXNativeTarget "LandmarksTests" */;
			buildPhases = (
				EC967A4B2A3C0EAB00F978CF /* Sources */,
				EC967A4C2A3C0EAB00F978CF /* Frameworks */,
				EC967A4D2A3C0EAB00F978CF /* Resources */,
			);
			buildRules = (
			);
			dependencies = (
				EC967A512A3C0EAB00F978CF /* PBXTargetDependency */,
			);
			name = LandmarksTests;
			productName = LandmarksTests;
			productReference = EC967A4F2A3C0EAB00F978CF /* LandmarksTests.xctest */;
			productType = "com.apple.product-type.bundle.unit-test";
		};
		EC967A582A3C0EAB00F978CF /* LandmarksUITests */ = {
			isa = PBXNativeTarget;
			buildConfigurationList = EC967A692A3C0EAB00F978CF /* Build configuration list for PBXNativeTarget "LandmarksUITests" */;
			buildPhases = (
				EC967A552A3C0EAB00F978CF /* Sources */,
				EC967A562A3C0EAB00F978CF /* Frameworks */,
				EC967A572A3C0EAB00F978CF /* Resources */,
			);
			buildRules = (
			);
			dependencies = (
				EC967A5B2A3C0EAB00F978CF /* PBXTargetDependency */,
			);
			name = LandmarksUITests;
			productName = LandmarksUITests;
			productReference = EC967A592A3C0EAB00F978CF /* LandmarksUITests.xctest */;
			productType = "com.apple.product-type.bundle.ui-testing";
		};
/* End PBXNativeTarget section */

/* Begin PBXProject section */
		EC967A372A3C0EA900F978CF /* Project object */ = {
			isa = PBXProject;
			attributes = {
				BuildIndependentTargetsInParallel = 1;
				LastSwiftUpdateCheck = 1430;
				LastUpgradeCheck = 1430;
				TargetAttributes = {
					EC967A3E2A3C0EA900F978CF = {
						CreatedOnToolsVersion = 14.3.1;
					};
					EC967A4E2A3C0EAB00F978CF = {
						CreatedOnToolsVersion = 14.3.1;
						TestTargetID = EC967A3E2A3C0EA900F978CF;
					};
					EC967A582A3C0EAB00F978CF = {
						CreatedOnToolsVersion = 14.3.1;
						TestTargetID = EC967A3E2A3C0EA900F978CF;
					};
				};
			};
			buildConfigurationList = EC967A3A2A3C0EA900F978CF /* Build configuration list for PBXProject "Landmarks" */;
			compatibilityVersion = "Xcode 14.0";
			developmentRegion = en;
			hasScannedForEncodings = 0;
			knownRegions = (
				en,
				Base,
			);
			mainGroup = EC967A362A3C0EA900F978CF;
			productRefGroup = EC967A402A3C0EA900F978CF /* Products */;
			projectDirPath = "";
			projectRoot = "";
			targets = (
				EC967A3E2A3C0EA900F978CF /* Landmarks */,
				EC967A4E2A3C0EAB00F978CF /* LandmarksTests */,
				EC967A582A3C0EAB00F978CF /* LandmarksUITests */,
			);
		};
/* End PBXProject section */

/* Begin PBXResourcesBuildPhase section */
		EC967A3D2A3C0EA900F978CF /* Resources */ = {
			isa = PBXResourcesBuildPhase;
			buildActionMask = 2147483647;
			files = (
				EC967A4A2A3C0EAA00F978CF /* Preview Assets.xcassets in Resources */,
				EC967A472A3C0EAA00F978CF /* Assets.xcassets in Resources */,
				EC967A712A416EAB00F978CF /* landmarkData.json in Resources */,
			);
			runOnlyForDeploymentPostprocessing = 0;
		};
		EC967A4D2A3C0EAB00F978CF /* Resources */ = {
			isa = PBXResourcesBuildPhase;
			buildActionMask = 2147483647;
			files = (
			);
			runOnlyForDeploymentPostprocessing = 0;
		};
		EC967A572A3C0EAB00F978CF /* Resources */ = {
			isa = PBXResourcesBuildPhase;
			buildActionMask = 2147483647;
			files = (
				EC967A722A416EAB00F978CF /* landmarkData.json in Resources */,
			);
			runOnlyForDeploymentPostprocessing = 0;
		};
/* End PBXResourcesBuildPhase section */

/* Begin PBXSourcesBuildPhase section */
		EC967A3B2A3C0EA900F978CF /* Sources */ = {
			isa = PBXSourcesBuildPhase;
			buildActionMask = 2147483647;
			files = (
				EC967A452A3C0EA900F978CF /* ContentView.swift in Sources */,
				EC967A6F2A3C449F00F978CF /* MapView.swift in Sources */,
				EC967A432A3C0EA900F978CF /* LandmarksApp.swift in Sources */,
				EC967A812A4275FB00F978CF /* LandmarkList.swift in Sources */,
				EC967A6D2A3C37A600F978CF /* CircleImage.swift in Sources */,
				EC967A742A416F8500F978CF /* Landmark.swift in Sources */,
				EC967A7F2A4263B100F978CF /* LandmarkRow.swift in Sources */,
				EC967A772A417A5F00F978CF /* ModelData.swift in Sources */,
			);
			runOnlyForDeploymentPostprocessing = 0;
		};
		EC967A4B2A3C0EAB00F978CF /* Sources */ = {
			isa = PBXSourcesBuildPhase;
			buildActionMask = 2147483647;
			files = (
				EC967A542A3C0EAB00F978CF /* LandmarksTests.swift in Sources */,
			);
			runOnlyForDeploymentPostprocessing = 0;
		};
		EC967A552A3C0EAB00F978CF /* Sources */ = {
			isa = PBXSourcesBuildPhase;
			buildActionMask = 2147483647;
			files = (
				EC967A602A3C0EAB00F978CF /* LandmarksUITestsLaunchTests.swift in Sources */,
				EC967A782A417A5F00F978CF /* ModelData.swift in Sources */,
				EC967A5E2A3C0EAB00F978CF /* LandmarksUITests.swift in Sources */,
				EC967A7B2A417E9800F978CF /* Landmark.swift in Sources */,
			);
			runOnlyForDeploymentPostprocessing = 0;
		};
/* End PBXSourcesBuildPhase section */

/* Begin PBXTargetDependency section */
		EC967A512A3C0EAB00F978CF /* PBXTargetDependency */ = {
			isa = PBXTargetDependency;
			target = EC967A3E2A3C0EA900F978CF /* Landmarks */;
			targetProxy = EC967A502A3C0EAB00F978CF /* PBXContainerItemProxy */;
		};
		EC967A5B2A3C0EAB00F978CF /* PBXTargetDependency */ = {
			isa = PBXTargetDependency;
			target = EC967A3E2A3C0EA900F978CF /* Landmarks */;
			targetProxy = EC967A5A2A3C0EAB00F978CF /* PBXContainerItemProxy */;
		};
/* End PBXTargetDependency section */

/* Begin XCBuildConfiguration section */
		EC967A612A3C0EAB00F978CF /* Debug */ = {
			isa = XCBuildConfiguration;
			buildSettings = {
				ALWAYS_SEARCH_USER_PATHS = NO;
				CLANG_ANALYZER_NONNULL = YES;
				CLANG_ANALYZER_NUMBER_OBJECT_CONVERSION = YES_AGGRESSIVE;
				CLANG_CXX_LANGUAGE_STANDARD = "gnu++20";
				CLANG_ENABLE_MODULES = YES;
				CLANG_ENABLE_OBJC_ARC = YES;
				CLANG_ENABLE_OBJC_WEAK = YES;
				CLANG_WARN_BLOCK_CAPTURE_AUTORELEASING = YES;
				CLANG_WARN_BOOL_CONVERSION = YES;
				CLANG_WARN_COMMA = YES;
				CLANG_WARN_CONSTANT_CONVERSION = YES;
				CLANG_WARN_DEPRECATED_OBJC_IMPLEMENTATIONS = YES;
				CLANG_WARN_DIRECT_OBJC_ISA_USAGE = YES_ERROR;
				CLANG_WARN_DOCUMENTATION_COMMENTS = YES;
				CLANG_WARN_EMPTY_BODY = YES;
				CLANG_WARN_ENUM_CONVERSION = YES;
				CLANG_WARN_INFINITE_RECURSION = YES;
				CLANG_WARN_INT_CONVERSION = YES;
				CLANG_WARN_NON_LITERAL_NULL_CONVERSION = YES;
				CLANG_WARN_OBJC_IMPLICIT_RETAIN_SELF = YES;
				CLANG_WARN_OBJC_LITERAL_CONVERSION = YES;
				CLANG_WARN_OBJC_ROOT_CLASS = YES_ERROR;
				CLANG_WARN_QUOTED_INCLUDE_IN_FRAMEWORK_HEADER = YES;
				CLANG_WARN_RANGE_LOOP_ANALYSIS = YES;
				CLANG_WARN_STRICT_PROTOTYPES = YES;
				CLANG_WARN_SUSPICIOUS_MOVE = YES;
				CLANG_WARN_UNGUARDED_AVAILABILITY = YES_AGGRESSIVE;
				CLANG_WARN_UNREACHABLE_CODE = YES;
				CLANG_WARN__DUPLICATE_METHOD_MATCH = YES;
				COPY_PHASE_STRIP = NO;
				DEBUG_INFORMATION_FORMAT = dwarf;
				ENABLE_STRICT_OBJC_MSGSEND = YES;
				ENABLE_TESTABILITY = YES;
				GCC_C_LANGUAGE_STANDARD = gnu11;
				GCC_DYNAMIC_NO_PIC = NO;
				GCC_NO_COMMON_BLOCKS = YES;
				GCC_OPTIMIZATION_LEVEL = 0;
				GCC_PREPROCESSOR_DEFINITIONS = (
					"DEBUG=1",
					"$(inherited)",
				);
				GCC_WARN_64_TO_32_BIT_CONVERSION = YES;
				GCC_WARN_ABOUT_RETURN_TYPE = YES_ERROR;
				GCC_WARN_UNDECLARED_SELECTOR = YES;
				GCC_WARN_UNINITIALIZED_AUTOS = YES_AGGRESSIVE;
				GCC_WARN_UNUSED_FUNCTION = YES;
				GCC_WARN_UNUSED_VARIABLE = YES;
				IPHONEOS_DEPLOYMENT_TARGET = 16.4;
				MTL_ENABLE_DEBUG_INFO = INCLUDE_SOURCE;
				MTL_FAST_MATH = YES;
				ONLY_ACTIVE_ARCH = YES;
				SDKROOT = iphoneos;
				SWIFT_ACTIVE_COMPILATION_CONDITIONS = DEBUG;
				SWIFT_OPTIMIZATION_LEVEL = "-Onone";
			};
			name = Debug;
		};
		EC967A622A3C0EAB00F978CF /* Release */ = {
			isa = XCBuildConfiguration;
			buildSettings = {
				ALWAYS_SEARCH_USER_PATHS = NO;
				CLANG_ANALYZER_NONNULL = YES;
				CLANG_ANALYZER_NUMBER_OBJECT_CONVERSION = YES_AGGRESSIVE;
				CLANG_CXX_LANGUAGE_STANDARD = "gnu++20";
				CLANG_ENABLE_MODULES = YES;
				CLANG_ENABLE_OBJC_ARC = YES;
				CLANG_ENABLE_OBJC_WEAK = YES;
				CLANG_WARN_BLOCK_CAPTURE_AUTORELEASING = YES;
				CLANG_WARN_BOOL_CONVERSION = YES;
				CLANG_WARN_COMMA = YES;
				CLANG_WARN_CONSTANT_CONVERSION = YES;
				CLANG_WARN_DEPRECATED_OBJC_IMPLEMENTATIONS = YES;
				CLANG_WARN_DIRECT_OBJC_ISA_USAGE = YES_ERROR;
				CLANG_WARN_DOCUMENTATION_COMMENTS = YES;
				CLANG_WARN_EMPTY_BODY = YES;
				CLANG_WARN_ENUM_CONVERSION = YES;
				CLANG_WARN_INFINITE_RECURSION = YES;
				CLANG_WARN_INT_CONVERSION = YES;
				CLANG_WARN_NON_LITERAL_NULL_CONVERSION = YES;
				CLANG_WARN_OBJC_IMPLICIT_RETAIN_SELF = YES;
				CLANG_WARN_OBJC_LITERAL_CONVERSION = YES;
				CLANG_WARN_OBJC_ROOT_CLASS = YES_ERROR;
				CLANG_WARN_QUOTED_INCLUDE_IN_FRAMEWORK_HEADER = YES;
				CLANG_WARN_RANGE_LOOP_ANALYSIS = YES;
				CLANG_WARN_STRICT_PROTOTYPES = YES;
				CLANG_WARN_SUSPICIOUS_MOVE = YES;
				CLANG_WARN_UNGUARDED_AVAILABILITY = YES_AGGRESSIVE;
				CLANG_WARN_UNREACHABLE_CODE = YES;
				CLANG_WARN__DUPLICATE_METHOD_MATCH = YES;
				COPY_PHASE_STRIP = NO;
				DEBUG_INFORMATION_FORMAT = "dwarf-with-dsym";
				ENABLE_NS_ASSERTIONS = NO;
				ENABLE_STRICT_OBJC_MSGSEND = YES;
				GCC_C_LANGUAGE_STANDARD = gnu11;
				GCC_NO_COMMON_BLOCKS = YES;
				GCC_WARN_64_TO_32_BIT_CONVERSION = YES;
				GCC_WARN_ABOUT_RETURN_TYPE = YES_ERROR;
				GCC_WARN_UNDECLARED_SELECTOR = YES;
				GCC_WARN_UNINITIALIZED_AUTOS = YES_AGGRESSIVE;
				GCC_WARN_UNUSED_FUNCTION = YES;
				GCC_WARN_UNUSED_VARIABLE = YES;
				IPHONEOS_DEPLOYMENT_TARGET = 16.4;
				MTL_ENABLE_DEBUG_INFO = NO;
				MTL_FAST_MATH = YES;
				SDKROOT = iphoneos;
				SWIFT_COMPILATION_MODE = wholemodule;
				SWIFT_OPTIMIZATION_LEVEL = "-O";
				VALIDATE_PRODUCT = YES;
			};
			name = Release;
		};
		EC967A642A3C0EAB00F978CF /* Debug */ = {
			isa = XCBuildConfiguration;
			buildSettings = {
				ASSETCATALOG_COMPILER_APPICON_NAME = AppIcon;
				ASSETCATALOG_COMPILER_GLOBAL_ACCENT_COLOR_NAME = AccentColor;
				CODE_SIGN_STYLE = Automatic;
				CURRENT_PROJECT_VERSION = 1;
				DEVELOPMENT_ASSET_PATHS = "\"Landmarks/Preview Content\"";
				ENABLE_PREVIEWS = YES;
				GENERATE_INFOPLIST_FILE = YES;
				INFOPLIST_KEY_UIApplicationSceneManifest_Generation = YES;
				INFOPLIST_KEY_UIApplicationSupportsIndirectInputEvents = YES;
				INFOPLIST_KEY_UILaunchScreen_Generation = YES;
				INFOPLIST_KEY_UISupportedInterfaceOrientations_iPad = "UIInterfaceOrientationPortrait UIInterfaceOrientationPortraitUpsideDown UIInterfaceOrientationLandscapeLeft UIInterfaceOrientationLandscapeRight";
				INFOPLIST_KEY_UISupportedInterfaceOrientations_iPhone = "UIInterfaceOrientationPortrait UIInterfaceOrientationLandscapeLeft UIInterfaceOrientationLandscapeRight";
				LD_RUNPATH_SEARCH_PATHS = (
					"$(inherited)",
					"@executable_path/Frameworks",
				);
				MARKETING_VERSION = 1.0;
				PRODUCT_BUNDLE_IDENTIFIER = playground.Landmarks;
				PRODUCT_NAME = "$(TARGET_NAME)";
				SWIFT_EMIT_LOC_STRINGS = YES;
				SWIFT_VERSION = 5.0;
				TARGETED_DEVICE_FAMILY = "1,2";
			};
			name = Debug;
		};
		EC967A652A3C0EAB00F978CF /* Release */ = {
			isa = XCBuildConfiguration;
			buildSettings = {
				ASSETCATALOG_COMPILER_APPICON_NAME = AppIcon;
				ASSETCATALOG_COMPILER_GLOBAL_ACCENT_COLOR_NAME = AccentColor;
				CODE_SIGN_STYLE = Automatic;
				CURRENT_PROJECT_VERSION = 1;
				DEVELOPMENT_ASSET_PATHS = "\"Landmarks/Preview Content\"";
				ENABLE_PREVIEWS = YES;
				GENERATE_INFOPLIST_FILE = YES;
				INFOPLIST_KEY_UIApplicationSceneManifest_Generation = YES;
				INFOPLIST_KEY_UIApplicationSupportsIndirectInputEvents = YES;
				INFOPLIST_KEY_UILaunchScreen_Generation = YES;
				INFOPLIST_KEY_UISupportedInterfaceOrientations_iPad = "UIInterfaceOrientationPortrait UIInterfaceOrientationPortraitUpsideDown UIInterfaceOrientationLandscapeLeft UIInterfaceOrientationLandscapeRight";
				INFOPLIST_KEY_UISupportedInterfaceOrientations_iPhone = "UIInterfaceOrientationPortrait UIInterfaceOrientationLandscapeLeft UIInterfaceOrientationLandscapeRight";
				LD_RUNPATH_SEARCH_PATHS = (
					"$(inherited)",
					"@executable_path/Frameworks",
				);
				MARKETING_VERSION = 1.0;
				PRODUCT_BUNDLE_IDENTIFIER = playground.Landmarks;
				PRODUCT_NAME = "$(TARGET_NAME)";
				SWIFT_EMIT_LOC_STRINGS = YES;
				SWIFT_VERSION = 5.0;
				TARGETED_DEVICE_FAMILY = "1,2";
			};
			name = Release;
		};
		EC967A672A3C0EAB00F978CF /* Debug */ = {
			isa = XCBuildConfiguration;
			buildSettings = {
				ALWAYS_EMBED_SWIFT_STANDARD_LIBRARIES = YES;
				BUNDLE_LOADER = "$(TEST_HOST)";
				CODE_SIGN_STYLE = Automatic;
				CURRENT_PROJECT_VERSION = 1;
				GENERATE_INFOPLIST_FILE = YES;
				IPHONEOS_DEPLOYMENT_TARGET = 16.4;
				MARKETING_VERSION = 1.0;
				PRODUCT_BUNDLE_IDENTIFIER = playground.LandmarksTests;
				PRODUCT_NAME = "$(TARGET_NAME)";
				SWIFT_EMIT_LOC_STRINGS = NO;
				SWIFT_VERSION = 5.0;
				TARGETED_DEVICE_FAMILY = "1,2";
				TEST_HOST = "$(BUILT_PRODUCTS_DIR)/Landmarks.app/$(BUNDLE_EXECUTABLE_FOLDER_PATH)/Landmarks";
			};
			name = Debug;
		};
		EC967A682A3C0EAB00F978CF /* Release */ = {
			isa = XCBuildConfiguration;
			buildSettings = {
				ALWAYS_EMBED_SWIFT_STANDARD_LIBRARIES = YES;
				BUNDLE_LOADER = "$(TEST_HOST)";
				CODE_SIGN_STYLE = Automatic;
				CURRENT_PROJECT_VERSION = 1;
				GENERATE_INFOPLIST_FILE = YES;
				IPHONEOS_DEPLOYMENT_TARGET = 16.4;
				MARKETING_VERSION = 1.0;
				PRODUCT_BUNDLE_IDENTIFIER = playground.LandmarksTests;
				PRODUCT_NAME = "$(TARGET_NAME)";
				SWIFT_EMIT_LOC_STRINGS = NO;
				SWIFT_VERSION = 5.0;
				TARGETED_DEVICE_FAMILY = "1,2";
				TEST_HOST = "$(BUILT_PRODUCTS_DIR)/Landmarks.app/$(BUNDLE_EXECUTABLE_FOLDER_PATH)/Landmarks";
			};
			name = Release;
		};
		EC967A6A2A3C0EAB00F978CF /* Debug */ = {
			isa = XCBuildConfiguration;
			buildSettings = {
				ALWAYS_EMBED_SWIFT_STANDARD_LIBRARIES = YES;
				CODE_SIGN_STYLE = Automatic;
				CURRENT_PROJECT_VERSION = 1;
				GENERATE_INFOPLIST_FILE = YES;
				MARKETING_VERSION = 1.0;
				PRODUCT_BUNDLE_IDENTIFIER = playground.LandmarksUITests;
				PRODUCT_NAME = "$(TARGET_NAME)";
				SWIFT_EMIT_LOC_STRINGS = NO;
				SWIFT_VERSION = 5.0;
				TARGETED_DEVICE_FAMILY = "1,2";
				TEST_TARGET_NAME = Landmarks;
			};
			name = Debug;
		};
		EC967A6B2A3C0EAB00F978CF /* Release */ = {
			isa = XCBuildConfiguration;
			buildSettings = {
				ALWAYS_EMBED_SWIFT_STANDARD_LIBRARIES = YES;
				CODE_SIGN_STYLE = Automatic;
				CURRENT_PROJECT_VERSION = 1;
				GENERATE_INFOPLIST_FILE = YES;
				MARKETING_VERSION = 1.0;
				PRODUCT_BUNDLE_IDENTIFIER = playground.LandmarksUITests;
				PRODUCT_NAME = "$(TARGET_NAME)";
				SWIFT_EMIT_LOC_STRINGS = NO;
				SWIFT_VERSION = 5.0;
				TARGETED_DEVICE_FAMILY = "1,2";
				TEST_TARGET_NAME = Landmarks;
			};
			name = Release;
		};
/* End XCBuildConfiguration section */

/* Begin XCConfigurationList section */
		EC967A3A2A3C0EA900F978CF /* Build configuration list for PBXProject "Landmarks" */ = {
			isa = XCConfigurationList;
			buildConfigurations = (
				EC967A612A3C0EAB00F978CF /* Debug */,
				EC967A622A3C0EAB00F978CF /* Release */,
			);
			defaultConfigurationIsVisible = 0;
			defaultConfigurationName = Release;
		};
		EC967A632A3C0EAB00F978CF /* Build configuration list for PBXNativeTarget "Landmarks" */ = {
			isa = XCConfigurationList;
			buildConfigurations = (
				EC967A642A3C0EAB00F978CF /* Debug */,
				EC967A652A3C0EAB00F978CF /* Release */,
			);
			defaultConfigurationIsVisible = 0;
			defaultConfigurationName = Release;
		};
		EC967A662A3C0EAB00F978CF /* Build configuration list for PBXNativeTarget "LandmarksTests" */ = {
			isa = XCConfigurationList;
			buildConfigurations = (
				EC967A672A3C0EAB00F978CF /* Debug */,
				EC967A682A3C0EAB00F978CF /* Release */,
			);
			defaultConfigurationIsVisible = 0;
			defaultConfigurationName = Release;
		};
		EC967A692A3C0EAB00F978CF /* Build configuration list for PBXNativeTarget "LandmarksUITests" */ = {
			isa = XCConfigurationList;
			buildConfigurations = (
				EC967A6A2A3C0EAB00F978CF /* Debug */,
				EC967A6B2A3C0EAB00F978CF /* Release */,
			);
			defaultConfigurationIsVisible = 0;
			defaultConfigurationName = Release;
		};
/* End XCConfigurationList section */
	};
	rootObject = EC967A372A3C0EA900F978CF /* Project object */;
}
